// !$*UTF8*$!
{
	archiveVersion = 1;
	classes = {
	};
	objectVersion = 46;
	objects = {

/* Begin PBXBuildFile section */
		F3C3289E1ADDB7ED008B41BD /* NSTaggableView.m in Sources */ = {isa = PBXBuildFile; fileRef = F3C3289D1ADDB7ED008B41BD /* NSTaggableView.m */; };
		F3CFA4FF1AC7F190008B4005 /* AppKit.framework in Frameworks */ = {isa = PBXBuildFile; fileRef = F3CFA4FE1AC7F190008B4005 /* AppKit.framework */; };
		F3CFA5011AC7F190008B4005 /* Foundation.framework in Frameworks */ = {isa = PBXBuildFile; fileRef = F3CFA5001AC7F190008B4005 /* Foundation.framework */; };
		F3CFA5061AC7F190008B4005 /* ZMDocItemInspector.xcscheme in Resources */ = {isa = PBXBuildFile; fileRef = F3CFA5051AC7F190008B4005 /* ZMDocItemInspector.xcscheme */; };
		F3CFA5091AC7F190008B4005 /* ZMDocItemInspector.m in Sources */ = {isa = PBXBuildFile; fileRef = F3CFA5081AC7F190008B4005 /* ZMDocItemInspector.m */; };
		F3CFA5111AC7F3F5008B4005 /* ZMDocItemView.m in Sources */ = {isa = PBXBuildFile; fileRef = F3CFA5101AC7F3F5008B4005 /* ZMDocItemView.m */; };
		F3CFA5191AC7F47E008B4005 /* JGMethodSwizzler.m in Sources */ = {isa = PBXBuildFile; fileRef = F3CFA5181AC7F47E008B4005 /* JGMethodSwizzler.m */; };
		F3CFA5241AC7F48D008B4005 /* class-icon.png in Resources */ = {isa = PBXBuildFile; fileRef = F3CFA51B1AC7F48D008B4005 /* class-icon.png */; };
		F3CFA5251AC7F48D008B4005 /* constant-icon.png in Resources */ = {isa = PBXBuildFile; fileRef = F3CFA51C1AC7F48D008B4005 /* constant-icon.png */; };
		F3CFA5261AC7F48D008B4005 /* define-icon.png in Resources */ = {isa = PBXBuildFile; fileRef = F3CFA51D1AC7F48D008B4005 /* define-icon.png */; };
		F3CFA5271AC7F48D008B4005 /* enum-icon.png in Resources */ = {isa = PBXBuildFile; fileRef = F3CFA51E1AC7F48D008B4005 /* enum-icon.png */; };
		F3CFA5281AC7F48D008B4005 /* f-icon.png in Resources */ = {isa = PBXBuildFile; fileRef = F3CFA51F1AC7F48D008B4005 /* f-icon.png */; };
		F3CFA5291AC7F48D008B4005 /* function-icon.png in Resources */ = {isa = PBXBuildFile; fileRef = F3CFA5201AC7F48D008B4005 /* function-icon.png */; };
		F3CFA52A1AC7F48D008B4005 /* method-icon.png in Resources */ = {isa = PBXBuildFile; fileRef = F3CFA5211AC7F48D008B4005 /* method-icon.png */; };
		F3CFA52B1AC7F48D008B4005 /* property-icon.png in Resources */ = {isa = PBXBuildFile; fileRef = F3CFA5221AC7F48D008B4005 /* property-icon.png */; };
		F3CFA52C1AC7F48D008B4005 /* variable-icon.png in Resources */ = {isa = PBXBuildFile; fileRef = F3CFA5231AC7F48D008B4005 /* variable-icon.png */; };
		F3CFA5311AC7F70A008B4005 /* DTXcodeUtils.m in Sources */ = {isa = PBXBuildFile; fileRef = F3CFA5301AC7F70A008B4005 /* DTXcodeUtils.m */; };
/* End PBXBuildFile section */

/* Begin PBXFileReference section */
		F32461451ADDB9090049B3B1 /* DVTControllerContentView.h */ = {isa = PBXFileReference; fileEncoding = 4; lastKnownFileType = sourcecode.c.h; path = DVTControllerContentView.h; sourceTree = "<group>"; };
		F32461461ADDB9090049B3B1 /* DVTDocumentLocation.h */ = {isa = PBXFileReference; fileEncoding = 4; lastKnownFileType = sourcecode.c.h; path = DVTDocumentLocation.h; sourceTree = "<group>"; };
		F32461471ADDB9090049B3B1 /* DVTLayoutView_ML.h */ = {isa = PBXFileReference; fileEncoding = 4; lastKnownFileType = sourcecode.c.h; path = DVTLayoutView_ML.h; sourceTree = "<group>"; };
		F32461481ADDB9090049B3B1 /* DVTSourceLandmarkItem.h */ = {isa = PBXFileReference; fileEncoding = 4; lastKnownFileType = sourcecode.c.h; path = DVTSourceLandmarkItem.h; sourceTree = "<group>"; };
		F32461491ADDB9090049B3B1 /* DVTTextDocumentLocation.h */ = {isa = PBXFileReference; fileEncoding = 4; lastKnownFileType = sourcecode.c.h; path = DVTTextDocumentLocation.h; sourceTree = "<group>"; };
		F3C3289C1ADDB7ED008B41BD /* NSTaggableView.h */ = {isa = PBXFileReference; fileEncoding = 4; lastKnownFileType = sourcecode.c.h; path = NSTaggableView.h; sourceTree = "<group>"; };
		F3C3289D1ADDB7ED008B41BD /* NSTaggableView.m */ = {isa = PBXFileReference; fileEncoding = 4; lastKnownFileType = sourcecode.c.objc; path = NSTaggableView.m; sourceTree = "<group>"; };
		F3CFA4FB1AC7F190008B4005 /* ZMDocItemInspector.xcplugin */ = {isa = PBXFileReference; explicitFileType = wrapper.cfbundle; includeInIndex = 0; path = ZMDocItemInspector.xcplugin; sourceTree = BUILT_PRODUCTS_DIR; };
		F3CFA4FE1AC7F190008B4005 /* AppKit.framework */ = {isa = PBXFileReference; lastKnownFileType = wrapper.framework; name = AppKit.framework; path = /System/Library/Frameworks/AppKit.framework; sourceTree = "<absolute>"; };
		F3CFA5001AC7F190008B4005 /* Foundation.framework */ = {isa = PBXFileReference; lastKnownFileType = wrapper.framework; name = Foundation.framework; path = /System/Library/Frameworks/Foundation.framework; sourceTree = "<absolute>"; };
		F3CFA5041AC7F190008B4005 /* Info.plist */ = {isa = PBXFileReference; lastKnownFileType = text.plist.xml; path = Info.plist; sourceTree = "<group>"; };
		F3CFA5051AC7F190008B4005 /* ZMDocItemInspector.xcscheme */ = {isa = PBXFileReference; lastKnownFileType = text.xml; name = ZMDocItemInspector.xcscheme; path = ZMDocItemInspector.xcodeproj/xcshareddata/xcschemes/ZMDocItemInspector.xcscheme; sourceTree = SOURCE_ROOT; };
		F3CFA5071AC7F190008B4005 /* ZMDocItemInspector.h */ = {isa = PBXFileReference; lastKnownFileType = sourcecode.c.h; path = ZMDocItemInspector.h; sourceTree = "<group>"; };
		F3CFA5081AC7F190008B4005 /* ZMDocItemInspector.m */ = {isa = PBXFileReference; lastKnownFileType = sourcecode.c.objc; path = ZMDocItemInspector.m; sourceTree = "<group>"; };
		F3CFA50F1AC7F3F5008B4005 /* ZMDocItemView.h */ = {isa = PBXFileReference; fileEncoding = 4; lastKnownFileType = sourcecode.c.h; path = ZMDocItemView.h; sourceTree = "<group>"; };
		F3CFA5101AC7F3F5008B4005 /* ZMDocItemView.m */ = {isa = PBXFileReference; fileEncoding = 4; lastKnownFileType = sourcecode.c.objc; path = ZMDocItemView.m; sourceTree = "<group>"; };
		F3CFA5171AC7F47E008B4005 /* JGMethodSwizzler.h */ = {isa = PBXFileReference; fileEncoding = 4; lastKnownFileType = sourcecode.c.h; path = JGMethodSwizzler.h; sourceTree = "<group>"; };
		F3CFA5181AC7F47E008B4005 /* JGMethodSwizzler.m */ = {isa = PBXFileReference; fileEncoding = 4; lastKnownFileType = sourcecode.c.objc; path = JGMethodSwizzler.m; sourceTree = "<group>"; };
		F3CFA51B1AC7F48D008B4005 /* class-icon.png */ = {isa = PBXFileReference; lastKnownFileType = image.png; path = "class-icon.png"; sourceTree = "<group>"; };
		F3CFA51C1AC7F48D008B4005 /* constant-icon.png */ = {isa = PBXFileReference; lastKnownFileType = image.png; path = "constant-icon.png"; sourceTree = "<group>"; };
		F3CFA51D1AC7F48D008B4005 /* define-icon.png */ = {isa = PBXFileReference; lastKnownFileType = image.png; path = "define-icon.png"; sourceTree = "<group>"; };
		F3CFA51E1AC7F48D008B4005 /* enum-icon.png */ = {isa = PBXFileReference; lastKnownFileType = image.png; path = "enum-icon.png"; sourceTree = "<group>"; };
		F3CFA51F1AC7F48D008B4005 /* f-icon.png */ = {isa = PBXFileReference; lastKnownFileType = image.png; path = "f-icon.png"; sourceTree = "<group>"; };
		F3CFA5201AC7F48D008B4005 /* function-icon.png */ = {isa = PBXFileReference; lastKnownFileType = image.png; path = "function-icon.png"; sourceTree = "<group>"; };
		F3CFA5211AC7F48D008B4005 /* method-icon.png */ = {isa = PBXFileReference; lastKnownFileType = image.png; path = "method-icon.png"; sourceTree = "<group>"; };
		F3CFA5221AC7F48D008B4005 /* property-icon.png */ = {isa = PBXFileReference; lastKnownFileType = image.png; path = "property-icon.png"; sourceTree = "<group>"; };
		F3CFA5231AC7F48D008B4005 /* variable-icon.png */ = {isa = PBXFileReference; lastKnownFileType = image.png; path = "variable-icon.png"; sourceTree = "<group>"; };
		F3CFA52E1AC7F70A008B4005 /* DTXcodeHeaders.h */ = {isa = PBXFileReference; fileEncoding = 4; lastKnownFileType = sourcecode.c.h; path = DTXcodeHeaders.h; sourceTree = "<group>"; };
		F3CFA52F1AC7F70A008B4005 /* DTXcodeUtils.h */ = {isa = PBXFileReference; fileEncoding = 4; lastKnownFileType = sourcecode.c.h; path = DTXcodeUtils.h; sourceTree = "<group>"; };
		F3CFA5301AC7F70A008B4005 /* DTXcodeUtils.m */ = {isa = PBXFileReference; fileEncoding = 4; lastKnownFileType = sourcecode.c.objc; path = DTXcodeUtils.m; sourceTree = "<group>"; };
/* End PBXFileReference section */

/* Begin PBXFrameworksBuildPhase section */
		F3CFA4F91AC7F190008B4005 /* Frameworks */ = {
			isa = PBXFrameworksBuildPhase;
			buildActionMask = 2147483647;
			files = (
				F3CFA4FF1AC7F190008B4005 /* AppKit.framework in Frameworks */,
				F3CFA5011AC7F190008B4005 /* Foundation.framework in Frameworks */,
			);
			runOnlyForDeploymentPostprocessing = 0;
		};
/* End PBXFrameworksBuildPhase section */

/* Begin PBXGroup section */
		F32461441ADDB9090049B3B1 /* XcodeHeaders */ = {
			isa = PBXGroup;
			children = (
				F32461451ADDB9090049B3B1 /* DVTControllerContentView.h */,
				F32461461ADDB9090049B3B1 /* DVTDocumentLocation.h */,
				F32461471ADDB9090049B3B1 /* DVTLayoutView_ML.h */,
				F32461481ADDB9090049B3B1 /* DVTSourceLandmarkItem.h */,
				F32461491ADDB9090049B3B1 /* DVTTextDocumentLocation.h */,
			);
			path = XcodeHeaders;
			sourceTree = "<group>";
		};
		F3CFA4F21AC7F190008B4005 = {
			isa = PBXGroup;
			children = (
				F3CFA5021AC7F190008B4005 /* ZMDocItemInspector */,
				F3CFA4FD1AC7F190008B4005 /* Frameworks */,
				F3CFA4FC1AC7F190008B4005 /* Products */,
			);
			sourceTree = "<group>";
		};
		F3CFA4FC1AC7F190008B4005 /* Products */ = {
			isa = PBXGroup;
			children = (
				F3CFA4FB1AC7F190008B4005 /* ZMDocItemInspector.xcplugin */,
			);
			name = Products;
			sourceTree = "<group>";
		};
		F3CFA4FD1AC7F190008B4005 /* Frameworks */ = {
			isa = PBXGroup;
			children = (
				F3CFA4FE1AC7F190008B4005 /* AppKit.framework */,
				F3CFA5001AC7F190008B4005 /* Foundation.framework */,
			);
			name = Frameworks;
			sourceTree = "<group>";
		};
		F3CFA5021AC7F190008B4005 /* ZMDocItemInspector */ = {
			isa = PBXGroup;
			children = (
				F3CFA5071AC7F190008B4005 /* ZMDocItemInspector.h */,
				F3CFA5081AC7F190008B4005 /* ZMDocItemInspector.m */,
				F3CFA50F1AC7F3F5008B4005 /* ZMDocItemView.h */,
				F3CFA5101AC7F3F5008B4005 /* ZMDocItemView.m */,
				F3C3289C1ADDB7ED008B41BD /* NSTaggableView.h */,
				F3C3289D1ADDB7ED008B41BD /* NSTaggableView.m */,
				F3CFA5031AC7F190008B4005 /* Supporting Files */,
			);
			path = ZMDocItemInspector;
			sourceTree = "<group>";
		};
		F3CFA5031AC7F190008B4005 /* Supporting Files */ = {
			isa = PBXGroup;
			children = (
				F3CFA5161AC7F47E008B4005 /* JGMethodSwizzle */,
				F3CFA52D1AC7F70A008B4005 /* DTXcodeUtils */,
				F32461441ADDB9090049B3B1 /* XcodeHeaders */,
				F3CFA51A1AC7F48D008B4005 /* icons */,
				F3CFA5041AC7F190008B4005 /* Info.plist */,
				F3CFA5051AC7F190008B4005 /* ZMDocItemInspector.xcscheme */,
			);
			name = "Supporting Files";
			sourceTree = "<group>";
		};
		F3CFA5161AC7F47E008B4005 /* JGMethodSwizzle */ = {
			isa = PBXGroup;
			children = (
				F3CFA5171AC7F47E008B4005 /* JGMethodSwizzler.h */,
				F3CFA5181AC7F47E008B4005 /* JGMethodSwizzler.m */,
			);
			path = JGMethodSwizzle;
			sourceTree = "<group>";
		};
		F3CFA51A1AC7F48D008B4005 /* icons */ = {
			isa = PBXGroup;
			children = (
				F3CFA51B1AC7F48D008B4005 /* class-icon.png */,
				F3CFA51C1AC7F48D008B4005 /* constant-icon.png */,
				F3CFA51D1AC7F48D008B4005 /* define-icon.png */,
				F3CFA51E1AC7F48D008B4005 /* enum-icon.png */,
				F3CFA51F1AC7F48D008B4005 /* f-icon.png */,
				F3CFA5201AC7F48D008B4005 /* function-icon.png */,
				F3CFA5211AC7F48D008B4005 /* method-icon.png */,
				F3CFA5221AC7F48D008B4005 /* property-icon.png */,
				F3CFA5231AC7F48D008B4005 /* variable-icon.png */,
			);
			path = icons;
			sourceTree = "<group>";
		};
		F3CFA52D1AC7F70A008B4005 /* DTXcodeUtils */ = {
			isa = PBXGroup;
			children = (
				F3CFA52E1AC7F70A008B4005 /* DTXcodeHeaders.h */,
				F3CFA52F1AC7F70A008B4005 /* DTXcodeUtils.h */,
				F3CFA5301AC7F70A008B4005 /* DTXcodeUtils.m */,
			);
			path = DTXcodeUtils;
			sourceTree = "<group>";
		};
/* End PBXGroup section */

/* Begin PBXNativeTarget section */
		F3CFA4FA1AC7F190008B4005 /* ZMDocItemInspector */ = {
			isa = PBXNativeTarget;
			buildConfigurationList = F3CFA50C1AC7F190008B4005 /* Build configuration list for PBXNativeTarget "ZMDocItemInspector" */;
			buildPhases = (
				F3CFA4F71AC7F190008B4005 /* Sources */,
				F3CFA4F81AC7F190008B4005 /* Resources */,
				F3CFA4F91AC7F190008B4005 /* Frameworks */,
			);
			buildRules = (
			);
			dependencies = (
			);
			name = ZMDocItemInspector;
			productName = ZMDocItemInspector;
			productReference = F3CFA4FB1AC7F190008B4005 /* ZMDocItemInspector.xcplugin */;
			productType = "com.apple.product-type.bundle";
		};
/* End PBXNativeTarget section */

/* Begin PBXProject section */
		F3CFA4F31AC7F190008B4005 /* Project object */ = {
			isa = PBXProject;
			attributes = {
				LastUpgradeCheck = 0620;
				ORGANIZATIONNAME = Zolo;
				TargetAttributes = {
					F3CFA4FA1AC7F190008B4005 = {
						CreatedOnToolsVersion = 6.2;
					};
				};
			};
			buildConfigurationList = F3CFA4F61AC7F190008B4005 /* Build configuration list for PBXProject "ZMDocItemInspector" */;
			compatibilityVersion = "Xcode 3.2";
			developmentRegion = English;
			hasScannedForEncodings = 0;
			knownRegions = (
				en,
			);
			mainGroup = F3CFA4F21AC7F190008B4005;
			productRefGroup = F3CFA4FC1AC7F190008B4005 /* Products */;
			projectDirPath = "";
			projectRoot = "";
			targets = (
				F3CFA4FA1AC7F190008B4005 /* ZMDocItemInspector */,
			);
		};
/* End PBXProject section */

/* Begin PBXResourcesBuildPhase section */
		F3CFA4F81AC7F190008B4005 /* Resources */ = {
			isa = PBXResourcesBuildPhase;
			buildActionMask = 2147483647;
			files = (
				F3CFA5061AC7F190008B4005 /* ZMDocItemInspector.xcscheme in Resources */,
				F3CFA52A1AC7F48D008B4005 /* method-icon.png in Resources */,
				F3CFA5281AC7F48D008B4005 /* f-icon.png in Resources */,
				F3CFA5241AC7F48D008B4005 /* class-icon.png in Resources */,
				F3CFA5251AC7F48D008B4005 /* constant-icon.png in Resources */,
				F3CFA5261AC7F48D008B4005 /* define-icon.png in Resources */,
				F3CFA52C1AC7F48D008B4005 /* variable-icon.png in Resources */,
				F3CFA52B1AC7F48D008B4005 /* property-icon.png in Resources */,
				F3CFA5291AC7F48D008B4005 /* function-icon.png in Resources */,
				F3CFA5271AC7F48D008B4005 /* enum-icon.png in Resources */,
			);
			runOnlyForDeploymentPostprocessing = 0;
		};
/* End PBXResourcesBuildPhase section */

/* Begin PBXSourcesBuildPhase section */
		F3CFA4F71AC7F190008B4005 /* Sources */ = {
			isa = PBXSourcesBuildPhase;
			buildActionMask = 2147483647;
			files = (
				F3CFA5111AC7F3F5008B4005 /* ZMDocItemView.m in Sources */,
				F3CFA5311AC7F70A008B4005 /* DTXcodeUtils.m in Sources */,
				F3CFA5191AC7F47E008B4005 /* JGMethodSwizzler.m in Sources */,
				F3C3289E1ADDB7ED008B41BD /* NSTaggableView.m in Sources */,
				F3CFA5091AC7F190008B4005 /* ZMDocItemInspector.m in Sources */,
			);
			runOnlyForDeploymentPostprocessing = 0;
		};
/* End PBXSourcesBuildPhase section */

/* Begin XCBuildConfiguration section */
		F3CFA50A1AC7F190008B4005 /* Debug */ = {
			isa = XCBuildConfiguration;
			buildSettings = {
				ALWAYS_SEARCH_USER_PATHS = NO;
				CLANG_CXX_LANGUAGE_STANDARD = "gnu++0x";
				CLANG_CXX_LIBRARY = "libc++";
				CLANG_ENABLE_MODULES = YES;
				CLANG_ENABLE_OBJC_ARC = YES;
				CLANG_WARN_BOOL_CONVERSION = YES;
				CLANG_WARN_CONSTANT_CONVERSION = YES;
				CLANG_WARN_DIRECT_OBJC_ISA_USAGE = YES_ERROR;
				CLANG_WARN_EMPTY_BODY = YES;
				CLANG_WARN_ENUM_CONVERSION = YES;
				CLANG_WARN_INT_CONVERSION = YES;
				CLANG_WARN_OBJC_ROOT_CLASS = YES_ERROR;
				CLANG_WARN_UNREACHABLE_CODE = YES;
				CLANG_WARN__DUPLICATE_METHOD_MATCH = YES;
				COPY_PHASE_STRIP = NO;
				ENABLE_STRICT_OBJC_MSGSEND = YES;
				GCC_C_LANGUAGE_STANDARD = gnu99;
				GCC_DYNAMIC_NO_PIC = NO;
				GCC_OPTIMIZATION_LEVEL = 0;
				GCC_PREPROCESSOR_DEFINITIONS = (
					"DEBUG=1",
					"$(inherited)",
				);
				GCC_SYMBOLS_PRIVATE_EXTERN = NO;
				GCC_WARN_64_TO_32_BIT_CONVERSION = YES;
				GCC_WARN_ABOUT_RETURN_TYPE = YES_ERROR;
				GCC_WARN_UNDECLARED_SELECTOR = YES;
				GCC_WARN_UNINITIALIZED_AUTOS = YES_AGGRESSIVE;
				GCC_WARN_UNUSED_FUNCTION = YES;
				GCC_WARN_UNUSED_VARIABLE = YES;
				MTL_ENABLE_DEBUG_INFO = YES;
				ONLY_ACTIVE_ARCH = YES;
			};
			name = Debug;
		};
		F3CFA50B1AC7F190008B4005 /* Release */ = {
			isa = XCBuildConfiguration;
			buildSettings = {
				ALWAYS_SEARCH_USER_PATHS = NO;
				CLANG_CXX_LANGUAGE_STANDARD = "gnu++0x";
				CLANG_CXX_LIBRARY = "libc++";
				CLANG_ENABLE_MODULES = YES;
				CLANG_ENABLE_OBJC_ARC = YES;
				CLANG_WARN_BOOL_CONVERSION = YES;
				CLANG_WARN_CONSTANT_CONVERSION = YES;
				CLANG_WARN_DIRECT_OBJC_ISA_USAGE = YES_ERROR;
				CLANG_WARN_EMPTY_BODY = YES;
				CLANG_WARN_ENUM_CONVERSION = YES;
				CLANG_WARN_INT_CONVERSION = YES;
				CLANG_WARN_OBJC_ROOT_CLASS = YES_ERROR;
				CLANG_WARN_UNREACHABLE_CODE = YES;
				CLANG_WARN__DUPLICATE_METHOD_MATCH = YES;
				COPY_PHASE_STRIP = NO;
				ENABLE_NS_ASSERTIONS = NO;
				ENABLE_STRICT_OBJC_MSGSEND = YES;
				GCC_C_LANGUAGE_STANDARD = gnu99;
				GCC_WARN_64_TO_32_BIT_CONVERSION = YES;
				GCC_WARN_ABOUT_RETURN_TYPE = YES_ERROR;
				GCC_WARN_UNDECLARED_SELECTOR = YES;
				GCC_WARN_UNINITIALIZED_AUTOS = YES_AGGRESSIVE;
				GCC_WARN_UNUSED_FUNCTION = YES;
				GCC_WARN_UNUSED_VARIABLE = YES;
				MTL_ENABLE_DEBUG_INFO = NO;
			};
			name = Release;
		};
		F3CFA50D1AC7F190008B4005 /* Debug */ = {
			isa = XCBuildConfiguration;
			buildSettings = {
				COMBINE_HIDPI_IMAGES = YES;
				DEPLOYMENT_LOCATION = YES;
				DSTROOT = "$(HOME)";
				INFOPLIST_FILE = ZMDocItemInspector/Info.plist;
				INSTALL_PATH = "/Library/Application Support/Developer/Shared/Xcode/Plug-ins";
				MACOSX_DEPLOYMENT_TARGET = 10.10;
				PRODUCT_NAME = "$(TARGET_NAME)";
				WRAPPER_EXTENSION = xcplugin;
			};
			name = Debug;
		};
		F3CFA50E1AC7F190008B4005 /* Release */ = {
			isa = XCBuildConfiguration;
			buildSettings = {
				COMBINE_HIDPI_IMAGES = YES;
				DEPLOYMENT_LOCATION = YES;
				DSTROOT = "$(HOME)";
				INFOPLIST_FILE = ZMDocItemInspector/Info.plist;
				INSTALL_PATH = "/Library/Application Support/Developer/Shared/Xcode/Plug-ins";
				MACOSX_DEPLOYMENT_TARGET = 10.10;
				PRODUCT_NAME = "$(TARGET_NAME)";
				WRAPPER_EXTENSION = xcplugin;
			};
			name = Release;
		};
/* End XCBuildConfiguration section */

/* Begin XCConfigurationList section */
		F3CFA4F61AC7F190008B4005 /* Build configuration list for PBXProject "ZMDocItemInspector" */ = {
			isa = XCConfigurationList;
			buildConfigurations = (
				F3CFA50A1AC7F190008B4005 /* Debug */,
				F3CFA50B1AC7F190008B4005 /* Release */,
			);
			defaultConfigurationIsVisible = 0;
			defaultConfigurationName = Release;
		};
		F3CFA50C1AC7F190008B4005 /* Build configuration list for PBXNativeTarget "ZMDocItemInspector" */ = {
			isa = XCConfigurationList;
			buildConfigurations = (
				F3CFA50D1AC7F190008B4005 /* Debug */,
				F3CFA50E1AC7F190008B4005 /* Release */,
			);
			defaultConfigurationIsVisible = 0;
			defaultConfigurationName = Release;
		};
/* End XCConfigurationList section */
	};
	rootObject = F3CFA4F31AC7F190008B4005 /* Project object */;
}
